
Microsoft Visual Studio Solution File, Format Version 12.00
# Visual Studio 2013
VisualStudioVersion = 12.0.21005.1
MinimumVisualStudioVersion = 10.0.40219.1
Project("{F184B08F-C81C-45F6-A57F-5ABD9991F28F}") = "HelloWorld", "HelloWorld\HelloWorld.vbproj", "{90EE4BAE-5BC4-4C10-B370-2B55DCAA82BE}"
EndProject
Project("{F184B08F-C81C-45F6-A57F-5ABD9991F28F}") = "DataTypes", "DataTypes\DataTypes.vbproj", "{52D0FF3E-6B79-45FB-9E53-F8CC71DA0235}"
EndProject
Project("{F184B08F-C81C-45F6-A57F-5ABD9991F28F}") = "Operators", "Operators\Operators.vbproj", "{ACCE4276-5865-4FFB-AA27-514C91A4001A}"
EndProject
Project("{F184B08F-C81C-45F6-A57F-5ABD9991F28F}") = "IntrotoConditionalStatements", "IntrotoConditionalStatements\IntrotoConditionalStatements.vbproj", "{F49FE0CF-EA43-4A75-B16D-72FBD5F1BC2C}"
EndProject
Project("{F184B08F-C81C-45F6-A57F-5ABD9991F28F}") = "Loops", "Loops\Loops.vbproj", "{74C56B29-1AB9-4600-AE25-5E782C527427}"
EndProject
Global
	GlobalSection(SolutionConfigurationPlatforms) = preSolution
		Debug|Any CPU = Debug|Any CPU
		Release|Any CPU = Release|Any CPU
	EndGlobalSection
	GlobalSection(ProjectConfigurationPlatforms) = postSolution
		{90EE4BAE-5BC4-4C10-B370-2B55DCAA82BE}.Debug|Any CPU.ActiveCfg = Debug|Any CPU
		{90EE4BAE-5BC4-4C10-B370-2B55DCAA82BE}.Debug|Any CPU.Build.0 = Debug|Any CPU
		{90EE4BAE-5BC4-4C10-B370-2B55DCAA82BE}.Release|Any CPU.ActiveCfg = Release|Any CPU
		{90EE4BAE-5BC4-4C10-B370-2B55DCAA82BE}.Release|Any CPU.Build.0 = Release|Any CPU
		{52D0FF3E-6B79-45FB-9E53-F8CC71DA0235}.Debug|Any CPU.ActiveCfg = Debug|Any CPU
		{52D0FF3E-6B79-45FB-9E53-F8CC71DA0235}.Debug|Any CPU.Build.0 = Debug|Any CPU
		{52D0FF3E-6B79-45FB-9E53-F8CC71DA0235}.Release|Any CPU.ActiveCfg = Release|Any CPU
		{52D0FF3E-6B79-45FB-9E53-F8CC71DA0235}.Release|Any CPU.Build.0 = Release|Any CPU
		{ACCE4276-5865-4FFB-AA27-514C91A4001A}.Debug|Any CPU.ActiveCfg = Debug|Any CPU
		{ACCE4276-5865-4FFB-AA27-514C91A4001A}.Debug|Any CPU.Build.0 = Debug|Any CPU
		{ACCE4276-5865-4FFB-AA27-514C91A4001A}.Release|Any CPU.ActiveCfg = Release|Any CPU
		{ACCE4276-5865-4FFB-AA27-514C91A4001A}.Release|Any CPU.Build.0 = Release|Any CPU
		{F49FE0CF-EA43-4A75-B16D-72FBD5F1BC2C}.Debug|Any CPU.ActiveCfg = Debug|Any CPU
		{F49FE0CF-EA43-4A75-B16D-72FBD5F1BC2C}.Debug|Any CPU.Build.0 = Debug|Any CPU
		{F49FE0CF-EA43-4A75-B16D-72FBD5F1BC2C}.Release|Any CPU.ActiveCfg = Release|Any CPU
		{F49FE0CF-EA43-4A75-B16D-72FBD5F1BC2C}.Release|Any CPU.Build.0 = Release|Any CPU
		{74C56B29-1AB9-4600-AE25-5E782C527427}.Debug|Any CPU.ActiveCfg = Debug|Any CPU
		{74C56B29-1AB9-4600-AE25-5E782C527427}.Debug|Any CPU.Build.0 = Debug|Any CPU
		{74C56B29-1AB9-4600-AE25-5E782C527427}.Release|Any CPU.ActiveCfg = Release|Any CPU
		{74C56B29-1AB9-4600-AE25-5E782C527427}.Release|Any CPU.Build.0 = Release|Any CPU
	EndGlobalSection
	GlobalSection(SolutionProperties) = preSolution
		HideSolutionNode = FALSE
	EndGlobalSection
EndGlobal
